{
  "nodes": {
    "nix-casks": {
      "inputs": {
        "nixpkgs": [
          "nixpkgs"
        ]
      },
      "locked": {
        "lastModified": 1736640115,
        "narHash": "sha256-7NZogp7FR40/7glkeE8PVJ7dXyYDBTLK+gQCcpsdmOQ=",
        "owner": "atahanyorganci",
        "repo": "nix-casks",
        "rev": "cf23640f3e7146d8b25ac857a983d50885452904",
        "type": "github"
      },
      "original": {
        "owner": "atahanyorganci",
        "ref": "archive",
        "repo": "nix-casks",
        "type": "github"
      }
    },
    "nix-darwin": {
      "inputs": {
        "nixpkgs": [
          "nixpkgs"
        ]
      },
      "locked": {
        "lastModified": 1736631212,
        "narHash": "sha256-mG9lRZBcPiAGiVJ9B97BJoIGQcSBWIVlBiN30QYCtG0=",
        "owner": "LnL7",
        "repo": "nix-darwin",
        "rev": "6ace2f2d12bdf74235d5cbf9fbd34a71c9716685",
        "type": "github"
      },
      "original": {
        "owner": "LnL7",
        "repo": "nix-darwin",
        "type": "github"
      }
    },
    "nixpkgs": {
      "locked": {
        "lastModified": 1736420959,
        "narHash": "sha256-dMGNa5UwdtowEqQac+Dr0d2tFO/60ckVgdhZU9q2E2o=",
        "owner": "NixOS",
        "repo": "nixpkgs",
        "rev": "32af3611f6f05655ca166a0b1f47b57c762b5192",
        "type": "github"
      },
      "original": {
        "owner": "NixOS",
        "ref": "nixpkgs-unstable",
        "repo": "nixpkgs",
        "type": "github"
      }
    },
    "root": {
      "inputs": {
        "nix-casks": "nix-casks",
        "nix-darwin": "nix-darwin",
        "nixpkgs": "nixpkgs"
      }
    }
  },
  "root": "root",
  "version": 7
}
